
Microsoft Visual Studio Solution File, Format Version 12.00
Project("{FAE04EC0-301F-11D3-BF4B-00C04F79EFBC}") = "Vite.Extensions.AspNetCore", "Vite.Extensions.AspNetCore\Vite.Extensions.AspNetCore.csproj", "{249D8B35-3FEA-41CB-9DFF-D3216BC4D7AA}"
EndProject
Project("{FAE04EC0-301F-11D3-BF4B-00C04F79EFBC}") = "Vite.Extensions.AspNetCore.Sample", "Vite.Extensions.AspNetCore.Sample\Vite.Extensions.AspNetCore.Sample.csproj", "{4D30F2EF-85D1-4D48-A807-27C9C3BEF991}"
EndProject
Global
	GlobalSection(SolutionConfigurationPlatforms) = preSolution
		Debug|Any CPU = Debug|Any CPU
		Release|Any CPU = Release|Any CPU
	EndGlobalSection
	GlobalSection(ProjectConfigurationPlatforms) = postSolution
		{249D8B35-3FEA-41CB-9DFF-D3216BC4D7AA}.Debug|Any CPU.ActiveCfg = Debug|Any CPU
		{249D8B35-3FEA-41CB-9DFF-D3216BC4D7AA}.Debug|Any CPU.Build.0 = Debug|Any CPU
		{249D8B35-3FEA-41CB-9DFF-D3216BC4D7AA}.Release|Any CPU.ActiveCfg = Release|Any CPU
		{249D8B35-3FEA-41CB-9DFF-D3216BC4D7AA}.Release|Any CPU.Build.0 = Release|Any CPU
		{4D30F2EF-85D1-4D48-A807-27C9C3BEF991}.Debug|Any CPU.ActiveCfg = Debug|Any CPU
		{4D30F2EF-85D1-4D48-A807-27C9C3BEF991}.Debug|Any CPU.Build.0 = Debug|Any CPU
		{4D30F2EF-85D1-4D48-A807-27C9C3BEF991}.Release|Any CPU.ActiveCfg = Release|Any CPU
		{4D30F2EF-85D1-4D48-A807-27C9C3BEF991}.Release|Any CPU.Build.0 = Release|Any CPU
	EndGlobalSection
EndGlobal
